
Microsoft Visual Studio Solution File, Format Version 12.00
# Visual Studio Version 17
VisualStudioVersion = 17.1.31911.260
MinimumVisualStudioVersion = 10.0.40219.1
Project("{9A19103F-16F7-4668-BE54-9A1E7A4F7556}") = "CSharpLearning.Playground", "src\CSharpLearning.Playground\CSharpLearning.Playground.csproj", "{51163CE3-DE1E-4517-A872-A9A88279B383}"
EndProject
Project("{2150E333-8FDC-42A3-9474-1A3956D46DE8}") = "第0部分 全局文件", "第0部分 全局文件", "{D7CE6540-5C5B-4DCF-BAD7-9572637EDC38}"
	ProjectSection(SolutionItems) = preProject
		Directory.Build.props = Directory.Build.props
		README.md = README.md
	EndProjectSection
EndProject
Project("{9A19103F-16F7-4668-BE54-9A1E7A4F7556}") = "Tutorial001", "src\Tutorial001\Tutorial001.csproj", "{C7264917-7553-4866-95F9-B96C8F1992C2}"
EndProject
Project("{2150E333-8FDC-42A3-9474-1A3956D46DE8}") = "第1部分 基本语法篇", "第1部分 基本语法篇", "{39B86FAC-C67A-4DE7-8F32-F069EC4976EC}"
EndProject
Project("{9A19103F-16F7-4668-BE54-9A1E7A4F7556}") = "Tutorial003", "src\Tutorial003\Tutorial003.csproj", "{6AC595B3-4FFF-4864-A149-DFE2E7FECCF9}"
EndProject
Project("{2150E333-8FDC-42A3-9474-1A3956D46DE8}") = "第2部分 数据类型", "第2部分 数据类型", "{E6D08A2F-F85B-423C-9096-4EC26605233F}"
EndProject
Project("{9A19103F-16F7-4668-BE54-9A1E7A4F7556}") = "Tutorial005", "src\Tutorial005\Tutorial005.csproj", "{596ED7A0-78D1-426B-9E35-2196DBEE2607}"
EndProject
Project("{9A19103F-16F7-4668-BE54-9A1E7A4F7556}") = "Tutorial010", "src\Tutorial010\Tutorial010.csproj", "{BEC8E965-37FF-4B0D-A9B3-0138AAFEE4F7}"
EndProject
Project("{9A19103F-16F7-4668-BE54-9A1E7A4F7556}") = "Tutorial012", "src\Tutorial012\Tutorial012.csproj", "{93143D6E-EBDE-4061-8543-CB3B711EFE44}"
EndProject
Project("{9A19103F-16F7-4668-BE54-9A1E7A4F7556}") = "Tutorial013", "src\Tutorial013\Tutorial013.csproj", "{851C3EA5-3DD8-4EEF-9EC4-B848BC208EC5}"
EndProject
Project("{9A19103F-16F7-4668-BE54-9A1E7A4F7556}") = "Tutorial014", "src\Tutorial014\Tutorial014.csproj", "{85B0CCA5-CA2D-4F54-A56F-24C8A08F2D9C}"
EndProject
Project("{9A19103F-16F7-4668-BE54-9A1E7A4F7556}") = "Tutorial015", "src\Tutorial015\Tutorial015.csproj", "{070EBE79-8C50-40FB-A42A-0FCDA9878F5B}"
EndProject
Project("{2150E333-8FDC-42A3-9474-1A3956D46DE8}") = "第3部分 运算符", "第3部分 运算符", "{099EF55D-458F-4647-AF6F-A43FFF9F77DC}"
EndProject
Project("{FAE04EC0-301F-11D3-BF4B-00C04F79EFBC}") = "Tutorial016", "src\Tutorial016\Tutorial016.csproj", "{665A16F0-3434-4B9C-963D-23FAC8A104F3}"
EndProject
Global
	GlobalSection(SolutionConfigurationPlatforms) = preSolution
		Debug|Any CPU = Debug|Any CPU
		Release|Any CPU = Release|Any CPU
	EndGlobalSection
	GlobalSection(ProjectConfigurationPlatforms) = postSolution
		{51163CE3-DE1E-4517-A872-A9A88279B383}.Debug|Any CPU.ActiveCfg = Debug|Any CPU
		{51163CE3-DE1E-4517-A872-A9A88279B383}.Debug|Any CPU.Build.0 = Debug|Any CPU
		{51163CE3-DE1E-4517-A872-A9A88279B383}.Release|Any CPU.ActiveCfg = Release|Any CPU
		{51163CE3-DE1E-4517-A872-A9A88279B383}.Release|Any CPU.Build.0 = Release|Any CPU
		{C7264917-7553-4866-95F9-B96C8F1992C2}.Debug|Any CPU.ActiveCfg = Debug|Any CPU
		{C7264917-7553-4866-95F9-B96C8F1992C2}.Debug|Any CPU.Build.0 = Debug|Any CPU
		{C7264917-7553-4866-95F9-B96C8F1992C2}.Release|Any CPU.ActiveCfg = Release|Any CPU
		{C7264917-7553-4866-95F9-B96C8F1992C2}.Release|Any CPU.Build.0 = Release|Any CPU
		{6AC595B3-4FFF-4864-A149-DFE2E7FECCF9}.Debug|Any CPU.ActiveCfg = Debug|Any CPU
		{6AC595B3-4FFF-4864-A149-DFE2E7FECCF9}.Debug|Any CPU.Build.0 = Debug|Any CPU
		{6AC595B3-4FFF-4864-A149-DFE2E7FECCF9}.Release|Any CPU.ActiveCfg = Release|Any CPU
		{6AC595B3-4FFF-4864-A149-DFE2E7FECCF9}.Release|Any CPU.Build.0 = Release|Any CPU
		{596ED7A0-78D1-426B-9E35-2196DBEE2607}.Debug|Any CPU.ActiveCfg = Debug|Any CPU
		{596ED7A0-78D1-426B-9E35-2196DBEE2607}.Debug|Any CPU.Build.0 = Debug|Any CPU
		{596ED7A0-78D1-426B-9E35-2196DBEE2607}.Release|Any CPU.ActiveCfg = Release|Any CPU
		{596ED7A0-78D1-426B-9E35-2196DBEE2607}.Release|Any CPU.Build.0 = Release|Any CPU
		{BEC8E965-37FF-4B0D-A9B3-0138AAFEE4F7}.Debug|Any CPU.ActiveCfg = Debug|Any CPU
		{BEC8E965-37FF-4B0D-A9B3-0138AAFEE4F7}.Debug|Any CPU.Build.0 = Debug|Any CPU
		{BEC8E965-37FF-4B0D-A9B3-0138AAFEE4F7}.Release|Any CPU.ActiveCfg = Release|Any CPU
		{BEC8E965-37FF-4B0D-A9B3-0138AAFEE4F7}.Release|Any CPU.Build.0 = Release|Any CPU
		{93143D6E-EBDE-4061-8543-CB3B711EFE44}.Debug|Any CPU.ActiveCfg = Debug|Any CPU
		{93143D6E-EBDE-4061-8543-CB3B711EFE44}.Debug|Any CPU.Build.0 = Debug|Any CPU
		{93143D6E-EBDE-4061-8543-CB3B711EFE44}.Release|Any CPU.ActiveCfg = Release|Any CPU
		{93143D6E-EBDE-4061-8543-CB3B711EFE44}.Release|Any CPU.Build.0 = Release|Any CPU
		{851C3EA5-3DD8-4EEF-9EC4-B848BC208EC5}.Debug|Any CPU.ActiveCfg = Debug|Any CPU
		{851C3EA5-3DD8-4EEF-9EC4-B848BC208EC5}.Debug|Any CPU.Build.0 = Debug|Any CPU
		{851C3EA5-3DD8-4EEF-9EC4-B848BC208EC5}.Release|Any CPU.ActiveCfg = Release|Any CPU
		{851C3EA5-3DD8-4EEF-9EC4-B848BC208EC5}.Release|Any CPU.Build.0 = Release|Any CPU
		{85B0CCA5-CA2D-4F54-A56F-24C8A08F2D9C}.Debug|Any CPU.ActiveCfg = Debug|Any CPU
		{85B0CCA5-CA2D-4F54-A56F-24C8A08F2D9C}.Debug|Any CPU.Build.0 = Debug|Any CPU
		{85B0CCA5-CA2D-4F54-A56F-24C8A08F2D9C}.Release|Any CPU.ActiveCfg = Release|Any CPU
		{85B0CCA5-CA2D-4F54-A56F-24C8A08F2D9C}.Release|Any CPU.Build.0 = Release|Any CPU
		{070EBE79-8C50-40FB-A42A-0FCDA9878F5B}.Debug|Any CPU.ActiveCfg = Debug|Any CPU
		{070EBE79-8C50-40FB-A42A-0FCDA9878F5B}.Debug|Any CPU.Build.0 = Debug|Any CPU
		{070EBE79-8C50-40FB-A42A-0FCDA9878F5B}.Release|Any CPU.ActiveCfg = Release|Any CPU
		{070EBE79-8C50-40FB-A42A-0FCDA9878F5B}.Release|Any CPU.Build.0 = Release|Any CPU
		{665A16F0-3434-4B9C-963D-23FAC8A104F3}.Debug|Any CPU.ActiveCfg = Debug|Any CPU
		{665A16F0-3434-4B9C-963D-23FAC8A104F3}.Debug|Any CPU.Build.0 = Debug|Any CPU
		{665A16F0-3434-4B9C-963D-23FAC8A104F3}.Release|Any CPU.ActiveCfg = Release|Any CPU
		{665A16F0-3434-4B9C-963D-23FAC8A104F3}.Release|Any CPU.Build.0 = Release|Any CPU
	EndGlobalSection
	GlobalSection(SolutionProperties) = preSolution
		HideSolutionNode = FALSE
	EndGlobalSection
	GlobalSection(NestedProjects) = preSolution
		{C7264917-7553-4866-95F9-B96C8F1992C2} = {39B86FAC-C67A-4DE7-8F32-F069EC4976EC}
		{6AC595B3-4FFF-4864-A149-DFE2E7FECCF9} = {39B86FAC-C67A-4DE7-8F32-F069EC4976EC}
		{596ED7A0-78D1-426B-9E35-2196DBEE2607} = {E6D08A2F-F85B-423C-9096-4EC26605233F}
		{BEC8E965-37FF-4B0D-A9B3-0138AAFEE4F7} = {E6D08A2F-F85B-423C-9096-4EC26605233F}
		{93143D6E-EBDE-4061-8543-CB3B711EFE44} = {E6D08A2F-F85B-423C-9096-4EC26605233F}
		{851C3EA5-3DD8-4EEF-9EC4-B848BC208EC5} = {E6D08A2F-F85B-423C-9096-4EC26605233F}
		{85B0CCA5-CA2D-4F54-A56F-24C8A08F2D9C} = {E6D08A2F-F85B-423C-9096-4EC26605233F}
		{070EBE79-8C50-40FB-A42A-0FCDA9878F5B} = {E6D08A2F-F85B-423C-9096-4EC26605233F}
		{665A16F0-3434-4B9C-963D-23FAC8A104F3} = {099EF55D-458F-4647-AF6F-A43FFF9F77DC}
	EndGlobalSection
	GlobalSection(ExtensibilityGlobals) = postSolution
		SolutionGuid = {EC66C46F-804E-4335-952B-06733C66B149}
	EndGlobalSection
EndGlobal
