
Microsoft Visual Studio Solution File, Format Version 12.00
# Visual Studio Version 17
VisualStudioVersion = 17.1.31911.260
MinimumVisualStudioVersion = 10.0.40219.1
Project("{9A19103F-16F7-4668-BE54-9A1E7A4F7556}") = "CSharpLearning.Playground", "src\CSharpLearning.Playground\CSharpLearning.Playground.csproj", "{51163CE3-DE1E-4517-A872-A9A88279B383}"
EndProject
Project("{2150E333-8FDC-42A3-9474-1A3956D46DE8}") = "00 全局文件", "00 全局文件", "{D7CE6540-5C5B-4DCF-BAD7-9572637EDC38}"
	ProjectSection(SolutionItems) = preProject
		Directory.Build.props = Directory.Build.props
		README.md = README.md
		Video-List.md = Video-List.md
	EndProjectSection
EndProject
Project("{9A19103F-16F7-4668-BE54-9A1E7A4F7556}") = "Tutorial001", "src\Tutorial001\Tutorial001.csproj", "{C7264917-7553-4866-95F9-B96C8F1992C2}"
EndProject
Project("{2150E333-8FDC-42A3-9474-1A3956D46DE8}") = "01 基本语法篇", "01 基本语法篇", "{39B86FAC-C67A-4DE7-8F32-F069EC4976EC}"
EndProject
Project("{9A19103F-16F7-4668-BE54-9A1E7A4F7556}") = "Tutorial003", "src\Tutorial003\Tutorial003.csproj", "{6AC595B3-4FFF-4864-A149-DFE2E7FECCF9}"
EndProject
Project("{2150E333-8FDC-42A3-9474-1A3956D46DE8}") = "02 数据类型篇", "02 数据类型篇", "{E6D08A2F-F85B-423C-9096-4EC26605233F}"
EndProject
Project("{9A19103F-16F7-4668-BE54-9A1E7A4F7556}") = "Tutorial005", "src\Tutorial005\Tutorial005.csproj", "{596ED7A0-78D1-426B-9E35-2196DBEE2607}"
EndProject
Project("{9A19103F-16F7-4668-BE54-9A1E7A4F7556}") = "Tutorial010", "src\Tutorial010\Tutorial010.csproj", "{BEC8E965-37FF-4B0D-A9B3-0138AAFEE4F7}"
EndProject
Project("{9A19103F-16F7-4668-BE54-9A1E7A4F7556}") = "Tutorial012", "src\Tutorial012\Tutorial012.csproj", "{93143D6E-EBDE-4061-8543-CB3B711EFE44}"
EndProject
Project("{9A19103F-16F7-4668-BE54-9A1E7A4F7556}") = "Tutorial013", "src\Tutorial013\Tutorial013.csproj", "{851C3EA5-3DD8-4EEF-9EC4-B848BC208EC5}"
EndProject
Project("{9A19103F-16F7-4668-BE54-9A1E7A4F7556}") = "Tutorial014", "src\Tutorial014\Tutorial014.csproj", "{85B0CCA5-CA2D-4F54-A56F-24C8A08F2D9C}"
EndProject
Project("{9A19103F-16F7-4668-BE54-9A1E7A4F7556}") = "Tutorial015", "src\Tutorial015\Tutorial015.csproj", "{070EBE79-8C50-40FB-A42A-0FCDA9878F5B}"
EndProject
Project("{2150E333-8FDC-42A3-9474-1A3956D46DE8}") = "03 运算符篇", "03 运算符篇", "{099EF55D-458F-4647-AF6F-A43FFF9F77DC}"
EndProject
Project("{9A19103F-16F7-4668-BE54-9A1E7A4F7556}") = "Tutorial017", "src\Tutorial017\Tutorial017.csproj", "{8A37EBC6-C00F-40D4-BBB5-425B98A75280}"
EndProject
Project("{9A19103F-16F7-4668-BE54-9A1E7A4F7556}") = "Tutorial018", "src\Tutorial018\Tutorial018.csproj", "{B921E537-AD7B-4967-9BB9-A6F699C9DA0F}"
EndProject
Project("{9A19103F-16F7-4668-BE54-9A1E7A4F7556}") = "Tutorial019", "src\Tutorial019\Tutorial019.csproj", "{CD0F619B-7EFB-4218-8836-DCD187458E9F}"
EndProject
Project("{9A19103F-16F7-4668-BE54-9A1E7A4F7556}") = "Tutorial020", "src\Tutorial020\Tutorial020.csproj", "{2996B77A-8314-455D-9944-2D1992C1AB6F}"
EndProject
Project("{9A19103F-16F7-4668-BE54-9A1E7A4F7556}") = "Tutorial021", "src\Tutorial021\Tutorial021.csproj", "{7AF9E1D0-282E-4981-A2AB-5EFC410436FA}"
EndProject
Project("{9A19103F-16F7-4668-BE54-9A1E7A4F7556}") = "Tutorial022", "src\Tutorial022\Tutorial022.csproj", "{C0508D1C-7097-4DDC-B744-52243731592D}"
EndProject
Project("{9A19103F-16F7-4668-BE54-9A1E7A4F7556}") = "Tutorial023", "src\Tutorial023\Tutorial023.csproj", "{8A33B43C-78E9-4BBC-9A72-B8FB5B7E7F75}"
EndProject
Project("{9A19103F-16F7-4668-BE54-9A1E7A4F7556}") = "Tutorial026", "src\Tutorial026\Tutorial026.csproj", "{DBACF73D-84E7-4FB2-AEB7-BF9A1980BE70}"
EndProject
Project("{9A19103F-16F7-4668-BE54-9A1E7A4F7556}") = "Tutorial027", "src\Tutorial027\Tutorial027.csproj", "{1FF4FD89-EA67-42B1-969D-2E6DFF921644}"
EndProject
Project("{9A19103F-16F7-4668-BE54-9A1E7A4F7556}") = "Tutorial028", "src\Tutorial028\Tutorial028.csproj", "{CE027AA2-D71D-40E4-A178-B0814C8CC4EE}"
EndProject
Project("{9A19103F-16F7-4668-BE54-9A1E7A4F7556}") = "Tutorial029", "src\Tutorial029\Tutorial029.csproj", "{13B90F12-A737-42AB-BE52-F329E5E0A5D4}"
EndProject
Project("{2150E333-8FDC-42A3-9474-1A3956D46DE8}") = "04-1 条件结构篇", "04-1 条件结构篇", "{42D59A67-A98B-48D6-908F-E91C4431A01A}"
EndProject
Project("{9A19103F-16F7-4668-BE54-9A1E7A4F7556}") = "Tutorial032", "src\Tutorial032\Tutorial032.csproj", "{BEB7B649-61F1-4D4C-B4B2-744572806DC6}"
EndProject
Project("{9A19103F-16F7-4668-BE54-9A1E7A4F7556}") = "Tutorial033", "src\Tutorial033\Tutorial033.csproj", "{BE6033E6-D719-49F8-AE0C-35E61D26D59E}"
EndProject
Project("{9A19103F-16F7-4668-BE54-9A1E7A4F7556}") = "Tutorial034", "src\Tutorial034\Tutorial034.csproj", "{C9ED3E5F-A05B-4090-B8D6-DB6D59C98DB0}"
EndProject
Project("{9A19103F-16F7-4668-BE54-9A1E7A4F7556}") = "Tutorial035", "src\Tutorial035\Tutorial035.csproj", "{680E6827-3F68-4834-8CA4-EF6C2501A01A}"
EndProject
Project("{9A19103F-16F7-4668-BE54-9A1E7A4F7556}") = "Tutorial036", "src\Tutorial036\Tutorial036.csproj", "{CF22C163-41F4-4EA5-A1CC-6CC5124F7647}"
EndProject
Project("{9A19103F-16F7-4668-BE54-9A1E7A4F7556}") = "Tutorial037", "src\Tutorial037\Tutorial037.csproj", "{D8ECB6E6-C605-42B6-BFE2-043A4B8E3F67}"
EndProject
Project("{9A19103F-16F7-4668-BE54-9A1E7A4F7556}") = "Tutorial038", "src\Tutorial038\Tutorial038.csproj", "{93C363F6-BE1E-49B4-90D7-D8CAB25B6FC0}"
EndProject
Project("{9A19103F-16F7-4668-BE54-9A1E7A4F7556}") = "Tutorial039", "src\Tutorial039\Tutorial039.csproj", "{DD364E58-79CB-4D50-99F9-0C59F900684D}"
EndProject
Project("{9A19103F-16F7-4668-BE54-9A1E7A4F7556}") = "Tutorial040", "src\Tutorial040\Tutorial040.csproj", "{A71EA20E-5332-4290-B7D0-9F4DD2B8317C}"
EndProject
Project("{2150E333-8FDC-42A3-9474-1A3956D46DE8}") = "04 流程控制篇", "04 流程控制篇", "{9791EA01-F228-429B-8DA3-BEF20803D79C}"
EndProject
Project("{2150E333-8FDC-42A3-9474-1A3956D46DE8}") = "04-2 循环结构篇", "04-2 循环结构篇", "{F14F9BEE-266B-42F5-A057-48C29F8C778B}"
EndProject
Project("{9A19103F-16F7-4668-BE54-9A1E7A4F7556}") = "Tutorial041", "src\Tutorial041\Tutorial041.csproj", "{82F7EB03-D450-49F3-87DB-B58D8779FB4F}"
EndProject
Project("{9A19103F-16F7-4668-BE54-9A1E7A4F7556}") = "Tutorial042", "src\Tutorial042\Tutorial042.csproj", "{C9F51F54-865D-45D8-9CE9-6DFBAE3CC0CE}"
EndProject
Project("{9A19103F-16F7-4668-BE54-9A1E7A4F7556}") = "Tutorial043", "src\Tutorial043\Tutorial043.csproj", "{71E33874-7121-4E8B-A62A-252FB015182E}"
EndProject
Project("{9A19103F-16F7-4668-BE54-9A1E7A4F7556}") = "Tutorial044", "src\Tutorial044\Tutorial044.csproj", "{03A9324F-0ECE-4049-ABFA-6E1282A3E37B}"
EndProject
Project("{9A19103F-16F7-4668-BE54-9A1E7A4F7556}") = "Tutorial046", "src\Tutorial046\Tutorial046.csproj", "{64D7EAE8-2779-41A6-9FC3-619918EB54CD}"
EndProject
Project("{9A19103F-16F7-4668-BE54-9A1E7A4F7556}") = "Tutorial047", "src\Tutorial047\Tutorial047.csproj", "{BF7DE0A4-2332-430E-86C3-087AB3919745}"
EndProject
Project("{9A19103F-16F7-4668-BE54-9A1E7A4F7556}") = "Tutorial048", "src\Tutorial048\Tutorial048.csproj", "{EEAE9B7B-A316-4690-834E-A30682F9940D}"
EndProject
Project("{9A19103F-16F7-4668-BE54-9A1E7A4F7556}") = "Tutorial049", "src\Tutorial049\Tutorial049.csproj", "{8300B7B4-C200-449B-8C44-594B5918ACCF}"
EndProject
Project("{9A19103F-16F7-4668-BE54-9A1E7A4F7556}") = "Tutorial050", "src\Tutorial050\Tutorial050.csproj", "{0FEB7D11-26A7-4EDC-AA65-C62C412D464B}"
EndProject
Project("{FAE04EC0-301F-11D3-BF4B-00C04F79EFBC}") = "Tutorial051", "src\Tutorial051\Tutorial051.csproj", "{EC5D151D-22C0-4787-B2A0-6EA6830E39D5}"
EndProject
Project("{2150E333-8FDC-42A3-9474-1A3956D46DE8}") = "04-3 跳转结构篇", "04-3 跳转结构篇", "{94879556-58A2-434D-8B1E-326BB9D12A27}"
EndProject
Global
	GlobalSection(SolutionConfigurationPlatforms) = preSolution
		Debug|Any CPU = Debug|Any CPU
		Release|Any CPU = Release|Any CPU
	EndGlobalSection
	GlobalSection(ProjectConfigurationPlatforms) = postSolution
		{51163CE3-DE1E-4517-A872-A9A88279B383}.Debug|Any CPU.ActiveCfg = Debug|Any CPU
		{51163CE3-DE1E-4517-A872-A9A88279B383}.Debug|Any CPU.Build.0 = Debug|Any CPU
		{51163CE3-DE1E-4517-A872-A9A88279B383}.Release|Any CPU.ActiveCfg = Release|Any CPU
		{51163CE3-DE1E-4517-A872-A9A88279B383}.Release|Any CPU.Build.0 = Release|Any CPU
		{C7264917-7553-4866-95F9-B96C8F1992C2}.Debug|Any CPU.ActiveCfg = Debug|Any CPU
		{C7264917-7553-4866-95F9-B96C8F1992C2}.Debug|Any CPU.Build.0 = Debug|Any CPU
		{C7264917-7553-4866-95F9-B96C8F1992C2}.Release|Any CPU.ActiveCfg = Release|Any CPU
		{C7264917-7553-4866-95F9-B96C8F1992C2}.Release|Any CPU.Build.0 = Release|Any CPU
		{6AC595B3-4FFF-4864-A149-DFE2E7FECCF9}.Debug|Any CPU.ActiveCfg = Debug|Any CPU
		{6AC595B3-4FFF-4864-A149-DFE2E7FECCF9}.Debug|Any CPU.Build.0 = Debug|Any CPU
		{6AC595B3-4FFF-4864-A149-DFE2E7FECCF9}.Release|Any CPU.ActiveCfg = Release|Any CPU
		{6AC595B3-4FFF-4864-A149-DFE2E7FECCF9}.Release|Any CPU.Build.0 = Release|Any CPU
		{596ED7A0-78D1-426B-9E35-2196DBEE2607}.Debug|Any CPU.ActiveCfg = Debug|Any CPU
		{596ED7A0-78D1-426B-9E35-2196DBEE2607}.Debug|Any CPU.Build.0 = Debug|Any CPU
		{596ED7A0-78D1-426B-9E35-2196DBEE2607}.Release|Any CPU.ActiveCfg = Release|Any CPU
		{596ED7A0-78D1-426B-9E35-2196DBEE2607}.Release|Any CPU.Build.0 = Release|Any CPU
		{BEC8E965-37FF-4B0D-A9B3-0138AAFEE4F7}.Debug|Any CPU.ActiveCfg = Debug|Any CPU
		{BEC8E965-37FF-4B0D-A9B3-0138AAFEE4F7}.Debug|Any CPU.Build.0 = Debug|Any CPU
		{BEC8E965-37FF-4B0D-A9B3-0138AAFEE4F7}.Release|Any CPU.ActiveCfg = Release|Any CPU
		{BEC8E965-37FF-4B0D-A9B3-0138AAFEE4F7}.Release|Any CPU.Build.0 = Release|Any CPU
		{93143D6E-EBDE-4061-8543-CB3B711EFE44}.Debug|Any CPU.ActiveCfg = Debug|Any CPU
		{93143D6E-EBDE-4061-8543-CB3B711EFE44}.Debug|Any CPU.Build.0 = Debug|Any CPU
		{93143D6E-EBDE-4061-8543-CB3B711EFE44}.Release|Any CPU.ActiveCfg = Release|Any CPU
		{93143D6E-EBDE-4061-8543-CB3B711EFE44}.Release|Any CPU.Build.0 = Release|Any CPU
		{851C3EA5-3DD8-4EEF-9EC4-B848BC208EC5}.Debug|Any CPU.ActiveCfg = Debug|Any CPU
		{851C3EA5-3DD8-4EEF-9EC4-B848BC208EC5}.Debug|Any CPU.Build.0 = Debug|Any CPU
		{851C3EA5-3DD8-4EEF-9EC4-B848BC208EC5}.Release|Any CPU.ActiveCfg = Release|Any CPU
		{851C3EA5-3DD8-4EEF-9EC4-B848BC208EC5}.Release|Any CPU.Build.0 = Release|Any CPU
		{85B0CCA5-CA2D-4F54-A56F-24C8A08F2D9C}.Debug|Any CPU.ActiveCfg = Debug|Any CPU
		{85B0CCA5-CA2D-4F54-A56F-24C8A08F2D9C}.Debug|Any CPU.Build.0 = Debug|Any CPU
		{85B0CCA5-CA2D-4F54-A56F-24C8A08F2D9C}.Release|Any CPU.ActiveCfg = Release|Any CPU
		{85B0CCA5-CA2D-4F54-A56F-24C8A08F2D9C}.Release|Any CPU.Build.0 = Release|Any CPU
		{070EBE79-8C50-40FB-A42A-0FCDA9878F5B}.Debug|Any CPU.ActiveCfg = Debug|Any CPU
		{070EBE79-8C50-40FB-A42A-0FCDA9878F5B}.Debug|Any CPU.Build.0 = Debug|Any CPU
		{070EBE79-8C50-40FB-A42A-0FCDA9878F5B}.Release|Any CPU.ActiveCfg = Release|Any CPU
		{070EBE79-8C50-40FB-A42A-0FCDA9878F5B}.Release|Any CPU.Build.0 = Release|Any CPU
		{8A37EBC6-C00F-40D4-BBB5-425B98A75280}.Debug|Any CPU.ActiveCfg = Debug|Any CPU
		{8A37EBC6-C00F-40D4-BBB5-425B98A75280}.Debug|Any CPU.Build.0 = Debug|Any CPU
		{8A37EBC6-C00F-40D4-BBB5-425B98A75280}.Release|Any CPU.ActiveCfg = Release|Any CPU
		{8A37EBC6-C00F-40D4-BBB5-425B98A75280}.Release|Any CPU.Build.0 = Release|Any CPU
		{B921E537-AD7B-4967-9BB9-A6F699C9DA0F}.Debug|Any CPU.ActiveCfg = Debug|Any CPU
		{B921E537-AD7B-4967-9BB9-A6F699C9DA0F}.Debug|Any CPU.Build.0 = Debug|Any CPU
		{B921E537-AD7B-4967-9BB9-A6F699C9DA0F}.Release|Any CPU.ActiveCfg = Release|Any CPU
		{B921E537-AD7B-4967-9BB9-A6F699C9DA0F}.Release|Any CPU.Build.0 = Release|Any CPU
		{CD0F619B-7EFB-4218-8836-DCD187458E9F}.Debug|Any CPU.ActiveCfg = Debug|Any CPU
		{CD0F619B-7EFB-4218-8836-DCD187458E9F}.Debug|Any CPU.Build.0 = Debug|Any CPU
		{CD0F619B-7EFB-4218-8836-DCD187458E9F}.Release|Any CPU.ActiveCfg = Release|Any CPU
		{CD0F619B-7EFB-4218-8836-DCD187458E9F}.Release|Any CPU.Build.0 = Release|Any CPU
		{2996B77A-8314-455D-9944-2D1992C1AB6F}.Debug|Any CPU.ActiveCfg = Debug|Any CPU
		{2996B77A-8314-455D-9944-2D1992C1AB6F}.Debug|Any CPU.Build.0 = Debug|Any CPU
		{2996B77A-8314-455D-9944-2D1992C1AB6F}.Release|Any CPU.ActiveCfg = Release|Any CPU
		{2996B77A-8314-455D-9944-2D1992C1AB6F}.Release|Any CPU.Build.0 = Release|Any CPU
		{7AF9E1D0-282E-4981-A2AB-5EFC410436FA}.Debug|Any CPU.ActiveCfg = Debug|Any CPU
		{7AF9E1D0-282E-4981-A2AB-5EFC410436FA}.Debug|Any CPU.Build.0 = Debug|Any CPU
		{7AF9E1D0-282E-4981-A2AB-5EFC410436FA}.Release|Any CPU.ActiveCfg = Release|Any CPU
		{7AF9E1D0-282E-4981-A2AB-5EFC410436FA}.Release|Any CPU.Build.0 = Release|Any CPU
		{C0508D1C-7097-4DDC-B744-52243731592D}.Debug|Any CPU.ActiveCfg = Debug|Any CPU
		{C0508D1C-7097-4DDC-B744-52243731592D}.Debug|Any CPU.Build.0 = Debug|Any CPU
		{C0508D1C-7097-4DDC-B744-52243731592D}.Release|Any CPU.ActiveCfg = Release|Any CPU
		{C0508D1C-7097-4DDC-B744-52243731592D}.Release|Any CPU.Build.0 = Release|Any CPU
		{8A33B43C-78E9-4BBC-9A72-B8FB5B7E7F75}.Debug|Any CPU.ActiveCfg = Debug|Any CPU
		{8A33B43C-78E9-4BBC-9A72-B8FB5B7E7F75}.Debug|Any CPU.Build.0 = Debug|Any CPU
		{8A33B43C-78E9-4BBC-9A72-B8FB5B7E7F75}.Release|Any CPU.ActiveCfg = Release|Any CPU
		{8A33B43C-78E9-4BBC-9A72-B8FB5B7E7F75}.Release|Any CPU.Build.0 = Release|Any CPU
		{DBACF73D-84E7-4FB2-AEB7-BF9A1980BE70}.Debug|Any CPU.ActiveCfg = Debug|Any CPU
		{DBACF73D-84E7-4FB2-AEB7-BF9A1980BE70}.Debug|Any CPU.Build.0 = Debug|Any CPU
		{DBACF73D-84E7-4FB2-AEB7-BF9A1980BE70}.Release|Any CPU.ActiveCfg = Release|Any CPU
		{DBACF73D-84E7-4FB2-AEB7-BF9A1980BE70}.Release|Any CPU.Build.0 = Release|Any CPU
		{1FF4FD89-EA67-42B1-969D-2E6DFF921644}.Debug|Any CPU.ActiveCfg = Debug|Any CPU
		{1FF4FD89-EA67-42B1-969D-2E6DFF921644}.Debug|Any CPU.Build.0 = Debug|Any CPU
		{1FF4FD89-EA67-42B1-969D-2E6DFF921644}.Release|Any CPU.ActiveCfg = Release|Any CPU
		{1FF4FD89-EA67-42B1-969D-2E6DFF921644}.Release|Any CPU.Build.0 = Release|Any CPU
		{CE027AA2-D71D-40E4-A178-B0814C8CC4EE}.Debug|Any CPU.ActiveCfg = Debug|Any CPU
		{CE027AA2-D71D-40E4-A178-B0814C8CC4EE}.Debug|Any CPU.Build.0 = Debug|Any CPU
		{CE027AA2-D71D-40E4-A178-B0814C8CC4EE}.Release|Any CPU.ActiveCfg = Release|Any CPU
		{CE027AA2-D71D-40E4-A178-B0814C8CC4EE}.Release|Any CPU.Build.0 = Release|Any CPU
		{13B90F12-A737-42AB-BE52-F329E5E0A5D4}.Debug|Any CPU.ActiveCfg = Debug|Any CPU
		{13B90F12-A737-42AB-BE52-F329E5E0A5D4}.Debug|Any CPU.Build.0 = Debug|Any CPU
		{13B90F12-A737-42AB-BE52-F329E5E0A5D4}.Release|Any CPU.ActiveCfg = Release|Any CPU
		{13B90F12-A737-42AB-BE52-F329E5E0A5D4}.Release|Any CPU.Build.0 = Release|Any CPU
		{BEB7B649-61F1-4D4C-B4B2-744572806DC6}.Debug|Any CPU.ActiveCfg = Debug|Any CPU
		{BEB7B649-61F1-4D4C-B4B2-744572806DC6}.Debug|Any CPU.Build.0 = Debug|Any CPU
		{BEB7B649-61F1-4D4C-B4B2-744572806DC6}.Release|Any CPU.ActiveCfg = Release|Any CPU
		{BEB7B649-61F1-4D4C-B4B2-744572806DC6}.Release|Any CPU.Build.0 = Release|Any CPU
		{BE6033E6-D719-49F8-AE0C-35E61D26D59E}.Debug|Any CPU.ActiveCfg = Debug|Any CPU
		{BE6033E6-D719-49F8-AE0C-35E61D26D59E}.Debug|Any CPU.Build.0 = Debug|Any CPU
		{BE6033E6-D719-49F8-AE0C-35E61D26D59E}.Release|Any CPU.ActiveCfg = Release|Any CPU
		{BE6033E6-D719-49F8-AE0C-35E61D26D59E}.Release|Any CPU.Build.0 = Release|Any CPU
		{C9ED3E5F-A05B-4090-B8D6-DB6D59C98DB0}.Debug|Any CPU.ActiveCfg = Debug|Any CPU
		{C9ED3E5F-A05B-4090-B8D6-DB6D59C98DB0}.Debug|Any CPU.Build.0 = Debug|Any CPU
		{C9ED3E5F-A05B-4090-B8D6-DB6D59C98DB0}.Release|Any CPU.ActiveCfg = Release|Any CPU
		{C9ED3E5F-A05B-4090-B8D6-DB6D59C98DB0}.Release|Any CPU.Build.0 = Release|Any CPU
		{680E6827-3F68-4834-8CA4-EF6C2501A01A}.Debug|Any CPU.ActiveCfg = Debug|Any CPU
		{680E6827-3F68-4834-8CA4-EF6C2501A01A}.Debug|Any CPU.Build.0 = Debug|Any CPU
		{680E6827-3F68-4834-8CA4-EF6C2501A01A}.Release|Any CPU.ActiveCfg = Release|Any CPU
		{680E6827-3F68-4834-8CA4-EF6C2501A01A}.Release|Any CPU.Build.0 = Release|Any CPU
		{CF22C163-41F4-4EA5-A1CC-6CC5124F7647}.Debug|Any CPU.ActiveCfg = Debug|Any CPU
		{CF22C163-41F4-4EA5-A1CC-6CC5124F7647}.Debug|Any CPU.Build.0 = Debug|Any CPU
		{CF22C163-41F4-4EA5-A1CC-6CC5124F7647}.Release|Any CPU.ActiveCfg = Release|Any CPU
		{CF22C163-41F4-4EA5-A1CC-6CC5124F7647}.Release|Any CPU.Build.0 = Release|Any CPU
		{D8ECB6E6-C605-42B6-BFE2-043A4B8E3F67}.Debug|Any CPU.ActiveCfg = Debug|Any CPU
		{D8ECB6E6-C605-42B6-BFE2-043A4B8E3F67}.Debug|Any CPU.Build.0 = Debug|Any CPU
		{D8ECB6E6-C605-42B6-BFE2-043A4B8E3F67}.Release|Any CPU.ActiveCfg = Release|Any CPU
		{D8ECB6E6-C605-42B6-BFE2-043A4B8E3F67}.Release|Any CPU.Build.0 = Release|Any CPU
		{93C363F6-BE1E-49B4-90D7-D8CAB25B6FC0}.Debug|Any CPU.ActiveCfg = Debug|Any CPU
		{93C363F6-BE1E-49B4-90D7-D8CAB25B6FC0}.Debug|Any CPU.Build.0 = Debug|Any CPU
		{93C363F6-BE1E-49B4-90D7-D8CAB25B6FC0}.Release|Any CPU.ActiveCfg = Release|Any CPU
		{93C363F6-BE1E-49B4-90D7-D8CAB25B6FC0}.Release|Any CPU.Build.0 = Release|Any CPU
		{DD364E58-79CB-4D50-99F9-0C59F900684D}.Debug|Any CPU.ActiveCfg = Debug|Any CPU
		{DD364E58-79CB-4D50-99F9-0C59F900684D}.Debug|Any CPU.Build.0 = Debug|Any CPU
		{DD364E58-79CB-4D50-99F9-0C59F900684D}.Release|Any CPU.ActiveCfg = Release|Any CPU
		{DD364E58-79CB-4D50-99F9-0C59F900684D}.Release|Any CPU.Build.0 = Release|Any CPU
		{A71EA20E-5332-4290-B7D0-9F4DD2B8317C}.Debug|Any CPU.ActiveCfg = Debug|Any CPU
		{A71EA20E-5332-4290-B7D0-9F4DD2B8317C}.Debug|Any CPU.Build.0 = Debug|Any CPU
		{A71EA20E-5332-4290-B7D0-9F4DD2B8317C}.Release|Any CPU.ActiveCfg = Release|Any CPU
		{A71EA20E-5332-4290-B7D0-9F4DD2B8317C}.Release|Any CPU.Build.0 = Release|Any CPU
		{82F7EB03-D450-49F3-87DB-B58D8779FB4F}.Debug|Any CPU.ActiveCfg = Debug|Any CPU
		{82F7EB03-D450-49F3-87DB-B58D8779FB4F}.Debug|Any CPU.Build.0 = Debug|Any CPU
		{82F7EB03-D450-49F3-87DB-B58D8779FB4F}.Release|Any CPU.ActiveCfg = Release|Any CPU
		{82F7EB03-D450-49F3-87DB-B58D8779FB4F}.Release|Any CPU.Build.0 = Release|Any CPU
		{C9F51F54-865D-45D8-9CE9-6DFBAE3CC0CE}.Debug|Any CPU.ActiveCfg = Debug|Any CPU
		{C9F51F54-865D-45D8-9CE9-6DFBAE3CC0CE}.Debug|Any CPU.Build.0 = Debug|Any CPU
		{C9F51F54-865D-45D8-9CE9-6DFBAE3CC0CE}.Release|Any CPU.ActiveCfg = Release|Any CPU
		{C9F51F54-865D-45D8-9CE9-6DFBAE3CC0CE}.Release|Any CPU.Build.0 = Release|Any CPU
		{71E33874-7121-4E8B-A62A-252FB015182E}.Debug|Any CPU.ActiveCfg = Debug|Any CPU
		{71E33874-7121-4E8B-A62A-252FB015182E}.Debug|Any CPU.Build.0 = Debug|Any CPU
		{71E33874-7121-4E8B-A62A-252FB015182E}.Release|Any CPU.ActiveCfg = Release|Any CPU
		{71E33874-7121-4E8B-A62A-252FB015182E}.Release|Any CPU.Build.0 = Release|Any CPU
		{03A9324F-0ECE-4049-ABFA-6E1282A3E37B}.Debug|Any CPU.ActiveCfg = Debug|Any CPU
		{03A9324F-0ECE-4049-ABFA-6E1282A3E37B}.Debug|Any CPU.Build.0 = Debug|Any CPU
		{03A9324F-0ECE-4049-ABFA-6E1282A3E37B}.Release|Any CPU.ActiveCfg = Release|Any CPU
		{03A9324F-0ECE-4049-ABFA-6E1282A3E37B}.Release|Any CPU.Build.0 = Release|Any CPU
		{64D7EAE8-2779-41A6-9FC3-619918EB54CD}.Debug|Any CPU.ActiveCfg = Debug|Any CPU
		{64D7EAE8-2779-41A6-9FC3-619918EB54CD}.Debug|Any CPU.Build.0 = Debug|Any CPU
		{64D7EAE8-2779-41A6-9FC3-619918EB54CD}.Release|Any CPU.ActiveCfg = Release|Any CPU
		{64D7EAE8-2779-41A6-9FC3-619918EB54CD}.Release|Any CPU.Build.0 = Release|Any CPU
		{BF7DE0A4-2332-430E-86C3-087AB3919745}.Debug|Any CPU.ActiveCfg = Debug|Any CPU
		{BF7DE0A4-2332-430E-86C3-087AB3919745}.Debug|Any CPU.Build.0 = Debug|Any CPU
		{BF7DE0A4-2332-430E-86C3-087AB3919745}.Release|Any CPU.ActiveCfg = Release|Any CPU
		{BF7DE0A4-2332-430E-86C3-087AB3919745}.Release|Any CPU.Build.0 = Release|Any CPU
		{EEAE9B7B-A316-4690-834E-A30682F9940D}.Debug|Any CPU.ActiveCfg = Debug|Any CPU
		{EEAE9B7B-A316-4690-834E-A30682F9940D}.Debug|Any CPU.Build.0 = Debug|Any CPU
		{EEAE9B7B-A316-4690-834E-A30682F9940D}.Release|Any CPU.ActiveCfg = Release|Any CPU
		{EEAE9B7B-A316-4690-834E-A30682F9940D}.Release|Any CPU.Build.0 = Release|Any CPU
		{8300B7B4-C200-449B-8C44-594B5918ACCF}.Debug|Any CPU.ActiveCfg = Debug|Any CPU
		{8300B7B4-C200-449B-8C44-594B5918ACCF}.Debug|Any CPU.Build.0 = Debug|Any CPU
		{8300B7B4-C200-449B-8C44-594B5918ACCF}.Release|Any CPU.ActiveCfg = Release|Any CPU
		{8300B7B4-C200-449B-8C44-594B5918ACCF}.Release|Any CPU.Build.0 = Release|Any CPU
		{0FEB7D11-26A7-4EDC-AA65-C62C412D464B}.Debug|Any CPU.ActiveCfg = Debug|Any CPU
		{0FEB7D11-26A7-4EDC-AA65-C62C412D464B}.Debug|Any CPU.Build.0 = Debug|Any CPU
		{0FEB7D11-26A7-4EDC-AA65-C62C412D464B}.Release|Any CPU.ActiveCfg = Release|Any CPU
		{0FEB7D11-26A7-4EDC-AA65-C62C412D464B}.Release|Any CPU.Build.0 = Release|Any CPU
		{EC5D151D-22C0-4787-B2A0-6EA6830E39D5}.Debug|Any CPU.ActiveCfg = Debug|Any CPU
		{EC5D151D-22C0-4787-B2A0-6EA6830E39D5}.Debug|Any CPU.Build.0 = Debug|Any CPU
		{EC5D151D-22C0-4787-B2A0-6EA6830E39D5}.Release|Any CPU.ActiveCfg = Release|Any CPU
		{EC5D151D-22C0-4787-B2A0-6EA6830E39D5}.Release|Any CPU.Build.0 = Release|Any CPU
	EndGlobalSection
	GlobalSection(SolutionProperties) = preSolution
		HideSolutionNode = FALSE
	EndGlobalSection
	GlobalSection(NestedProjects) = preSolution
		{C7264917-7553-4866-95F9-B96C8F1992C2} = {39B86FAC-C67A-4DE7-8F32-F069EC4976EC}
		{6AC595B3-4FFF-4864-A149-DFE2E7FECCF9} = {39B86FAC-C67A-4DE7-8F32-F069EC4976EC}
		{596ED7A0-78D1-426B-9E35-2196DBEE2607} = {E6D08A2F-F85B-423C-9096-4EC26605233F}
		{BEC8E965-37FF-4B0D-A9B3-0138AAFEE4F7} = {E6D08A2F-F85B-423C-9096-4EC26605233F}
		{93143D6E-EBDE-4061-8543-CB3B711EFE44} = {E6D08A2F-F85B-423C-9096-4EC26605233F}
		{851C3EA5-3DD8-4EEF-9EC4-B848BC208EC5} = {E6D08A2F-F85B-423C-9096-4EC26605233F}
		{85B0CCA5-CA2D-4F54-A56F-24C8A08F2D9C} = {E6D08A2F-F85B-423C-9096-4EC26605233F}
		{070EBE79-8C50-40FB-A42A-0FCDA9878F5B} = {E6D08A2F-F85B-423C-9096-4EC26605233F}
		{8A37EBC6-C00F-40D4-BBB5-425B98A75280} = {099EF55D-458F-4647-AF6F-A43FFF9F77DC}
		{B921E537-AD7B-4967-9BB9-A6F699C9DA0F} = {099EF55D-458F-4647-AF6F-A43FFF9F77DC}
		{CD0F619B-7EFB-4218-8836-DCD187458E9F} = {099EF55D-458F-4647-AF6F-A43FFF9F77DC}
		{2996B77A-8314-455D-9944-2D1992C1AB6F} = {099EF55D-458F-4647-AF6F-A43FFF9F77DC}
		{7AF9E1D0-282E-4981-A2AB-5EFC410436FA} = {099EF55D-458F-4647-AF6F-A43FFF9F77DC}
		{C0508D1C-7097-4DDC-B744-52243731592D} = {099EF55D-458F-4647-AF6F-A43FFF9F77DC}
		{8A33B43C-78E9-4BBC-9A72-B8FB5B7E7F75} = {099EF55D-458F-4647-AF6F-A43FFF9F77DC}
		{DBACF73D-84E7-4FB2-AEB7-BF9A1980BE70} = {099EF55D-458F-4647-AF6F-A43FFF9F77DC}
		{1FF4FD89-EA67-42B1-969D-2E6DFF921644} = {099EF55D-458F-4647-AF6F-A43FFF9F77DC}
		{CE027AA2-D71D-40E4-A178-B0814C8CC4EE} = {099EF55D-458F-4647-AF6F-A43FFF9F77DC}
		{13B90F12-A737-42AB-BE52-F329E5E0A5D4} = {099EF55D-458F-4647-AF6F-A43FFF9F77DC}
		{42D59A67-A98B-48D6-908F-E91C4431A01A} = {9791EA01-F228-429B-8DA3-BEF20803D79C}
		{BEB7B649-61F1-4D4C-B4B2-744572806DC6} = {42D59A67-A98B-48D6-908F-E91C4431A01A}
		{BE6033E6-D719-49F8-AE0C-35E61D26D59E} = {42D59A67-A98B-48D6-908F-E91C4431A01A}
		{C9ED3E5F-A05B-4090-B8D6-DB6D59C98DB0} = {42D59A67-A98B-48D6-908F-E91C4431A01A}
		{680E6827-3F68-4834-8CA4-EF6C2501A01A} = {42D59A67-A98B-48D6-908F-E91C4431A01A}
		{CF22C163-41F4-4EA5-A1CC-6CC5124F7647} = {42D59A67-A98B-48D6-908F-E91C4431A01A}
		{D8ECB6E6-C605-42B6-BFE2-043A4B8E3F67} = {42D59A67-A98B-48D6-908F-E91C4431A01A}
		{93C363F6-BE1E-49B4-90D7-D8CAB25B6FC0} = {42D59A67-A98B-48D6-908F-E91C4431A01A}
		{DD364E58-79CB-4D50-99F9-0C59F900684D} = {42D59A67-A98B-48D6-908F-E91C4431A01A}
		{A71EA20E-5332-4290-B7D0-9F4DD2B8317C} = {42D59A67-A98B-48D6-908F-E91C4431A01A}
		{F14F9BEE-266B-42F5-A057-48C29F8C778B} = {9791EA01-F228-429B-8DA3-BEF20803D79C}
		{82F7EB03-D450-49F3-87DB-B58D8779FB4F} = {F14F9BEE-266B-42F5-A057-48C29F8C778B}
		{C9F51F54-865D-45D8-9CE9-6DFBAE3CC0CE} = {F14F9BEE-266B-42F5-A057-48C29F8C778B}
		{71E33874-7121-4E8B-A62A-252FB015182E} = {F14F9BEE-266B-42F5-A057-48C29F8C778B}
		{03A9324F-0ECE-4049-ABFA-6E1282A3E37B} = {F14F9BEE-266B-42F5-A057-48C29F8C778B}
		{64D7EAE8-2779-41A6-9FC3-619918EB54CD} = {F14F9BEE-266B-42F5-A057-48C29F8C778B}
		{BF7DE0A4-2332-430E-86C3-087AB3919745} = {F14F9BEE-266B-42F5-A057-48C29F8C778B}
		{EEAE9B7B-A316-4690-834E-A30682F9940D} = {F14F9BEE-266B-42F5-A057-48C29F8C778B}
		{8300B7B4-C200-449B-8C44-594B5918ACCF} = {F14F9BEE-266B-42F5-A057-48C29F8C778B}
		{0FEB7D11-26A7-4EDC-AA65-C62C412D464B} = {F14F9BEE-266B-42F5-A057-48C29F8C778B}
		{EC5D151D-22C0-4787-B2A0-6EA6830E39D5} = {F14F9BEE-266B-42F5-A057-48C29F8C778B}
		{94879556-58A2-434D-8B1E-326BB9D12A27} = {9791EA01-F228-429B-8DA3-BEF20803D79C}
	EndGlobalSection
	GlobalSection(ExtensibilityGlobals) = postSolution
		SolutionGuid = {EC66C46F-804E-4335-952B-06733C66B149}
	EndGlobalSection
EndGlobal
